
Microsoft Visual Studio Solution File, Format Version 12.00
# Visual Studio Version 16
VisualStudioVersion = 16.0.30413.136
MinimumVisualStudioVersion = 10.0.40219.1
Project("{9A19103F-16F7-4668-BE54-9A1E7A4F7556}") = "Atelier POO", "Atelier POO\Atelier POO.csproj", "{D5A9A65C-4645-4F44-B97C-9916900D77D2}"
EndProject
Project("{9A19103F-16F7-4668-BE54-9A1E7A4F7556}") = "SalariesdLL", "SalariesdLL\SalariesdLL.csproj", "{38BB72E6-BB0E-4AF7-9DCD-142AA858B171}"
EndProject
Global
	GlobalSection(SolutionConfigurationPlatforms) = preSolution
		Debug|Any CPU = Debug|Any CPU
		Release|Any CPU = Release|Any CPU
	EndGlobalSection
	GlobalSection(ProjectConfigurationPlatforms) = postSolution
		{D5A9A65C-4645-4F44-B97C-9916900D77D2}.Debug|Any CPU.ActiveCfg = Debug|Any CPU
		{D5A9A65C-4645-4F44-B97C-9916900D77D2}.Debug|Any CPU.Build.0 = Debug|Any CPU
		{D5A9A65C-4645-4F44-B97C-9916900D77D2}.Release|Any CPU.ActiveCfg = Release|Any CPU
		{D5A9A65C-4645-4F44-B97C-9916900D77D2}.Release|Any CPU.Build.0 = Release|Any CPU
		{38BB72E6-BB0E-4AF7-9DCD-142AA858B171}.Debug|Any CPU.ActiveCfg = Debug|Any CPU
		{38BB72E6-BB0E-4AF7-9DCD-142AA858B171}.Debug|Any CPU.Build.0 = Debug|Any CPU
		{38BB72E6-BB0E-4AF7-9DCD-142AA858B171}.Release|Any CPU.ActiveCfg = Release|Any CPU
		{38BB72E6-BB0E-4AF7-9DCD-142AA858B171}.Release|Any CPU.Build.0 = Release|Any CPU
	EndGlobalSection
	GlobalSection(SolutionProperties) = preSolution
		HideSolutionNode = FALSE
	EndGlobalSection
	GlobalSection(ExtensibilityGlobals) = postSolution
		SolutionGuid = {B6DC6E6B-BF8F-4BB7-8178-5F914BF9FA00}
	EndGlobalSection
EndGlobal
